
Microsoft Visual Studio Solution File, Format Version 12.00
# Visual Studio Version 16
VisualStudioVersion = 16.0.31005.135
MinimumVisualStudioVersion = 10.0.40219.1
Project("{FAE04EC0-301F-11D3-BF4B-00C04F79EFBC}") = "MaintenanceTimer", "MaintenanceTimer\MaintenanceTimer.csproj", "{39FA51DD-1944-47E5-AFEE-CE0AED8CD062}"
EndProject
Global
	GlobalSection(SolutionConfigurationPlatforms) = preSolution
		Debug|Any CPU = Debug|Any CPU
		Release|Any CPU = Release|Any CPU
	EndGlobalSection
	GlobalSection(ProjectConfigurationPlatforms) = postSolution
		{39FA51DD-1944-47E5-AFEE-CE0AED8CD062}.Debug|Any CPU.ActiveCfg = Debug|Any CPU
		{39FA51DD-1944-47E5-AFEE-CE0AED8CD062}.Debug|Any CPU.Build.0 = Debug|Any CPU
		{39FA51DD-1944-47E5-AFEE-CE0AED8CD062}.Release|Any CPU.ActiveCfg = Release|Any CPU
		{39FA51DD-1944-47E5-AFEE-CE0AED8CD062}.Release|Any CPU.Build.0 = Release|Any CPU
	EndGlobalSection
	GlobalSection(SolutionProperties) = preSolution
		HideSolutionNode = FALSE
	EndGlobalSection
	GlobalSection(ExtensibilityGlobals) = postSolution
		SolutionGuid = {1A92EEEC-ECE7-45D3-9E70-90A61A7B20DF}
	EndGlobalSection
EndGlobal
